
Microsoft Visual Studio Solution File, Format Version 12.00
# Visual Studio 2015
Project("{FAE04EC0-301F-11D3-BF4B-00C04F79EFBC}") = "arcana.CSharp", "arcana.CSharp.csproj", "{9F4A8C59-E66F-0B4C-09FC-0555D1F68B0D}"
EndProject
Global
	GlobalSection(SolutionConfigurationPlatforms) = preSolution
		Debug|Any CPU = Debug|Any CPU
		Release|Any CPU = Release|Any CPU
	EndGlobalSection
	GlobalSection(ProjectConfigurationPlatforms) = postSolution
		{9F4A8C59-E66F-0B4C-09FC-0555D1F68B0D}.Debug|Any CPU.ActiveCfg = Debug|Any CPU
		{9F4A8C59-E66F-0B4C-09FC-0555D1F68B0D}.Debug|Any CPU.Build.0 = Debug|Any CPU
		{9F4A8C59-E66F-0B4C-09FC-0555D1F68B0D}.Release|Any CPU.ActiveCfg = Release|Any CPU
		{9F4A8C59-E66F-0B4C-09FC-0555D1F68B0D}.Release|Any CPU.Build.0 = Release|Any CPU
	EndGlobalSection
	GlobalSection(SolutionProperties) = preSolution
		HideSolutionNode = FALSE
	EndGlobalSection
EndGlobal
